
Microsoft Visual Studio Solution File, Format Version 12.00
# Visual Studio 15
VisualStudioVersion = 15.0.27428.2037
MinimumVisualStudioVersion = 10.0.40219.1
Project("{888888A0-9F3D-457C-B088-3A5042F75D52}") = "SerpentAI", "SerpentAI.pyproj", "{37CA5FCA-9E85-4867-8BF4-4EEB25A92699}"
EndProject
Global
	GlobalSection(SolutionConfigurationPlatforms) = preSolution
		Debug|Any CPU = Debug|Any CPU
		Release|Any CPU = Release|Any CPU
	EndGlobalSection
	GlobalSection(ProjectConfigurationPlatforms) = postSolution
		{37CA5FCA-9E85-4867-8BF4-4EEB25A92699}.Debug|Any CPU.ActiveCfg = Debug|Any CPU
		{37CA5FCA-9E85-4867-8BF4-4EEB25A92699}.Release|Any CPU.ActiveCfg = Release|Any CPU
	EndGlobalSection
	GlobalSection(SolutionProperties) = preSolution
		HideSolutionNode = FALSE
	EndGlobalSection
	GlobalSection(ExtensibilityGlobals) = postSolution
		SolutionGuid = {69527CA7-17C4-4EC4-A019-6924B1F21DFB}
	EndGlobalSection
EndGlobal
